
Microsoft Visual Studio Solution File, Format Version 12.00
# Visual Studio Version 16
VisualStudioVersion = 16.0.30626.31
MinimumVisualStudioVersion = 10.0.40219.1
Project("{FAE04EC0-301F-11D3-BF4B-00C04F79EFBC}") = "Yingfea.Top", "Yingfea.Top\Yingfea.Top.csproj", "{A81B90E8-0B52-41E7-9A51-8BBF99D6A481}"
EndProject
Project("{FAE04EC0-301F-11D3-BF4B-00C04F79EFBC}") = "Yingfea.Core", "Yingfea.Core\Yingfea.Core.csproj", "{94745AA8-B234-4E68-9B04-C20D41E4B53D}"
EndProject
Project("{FAE04EC0-301F-11D3-BF4B-00C04F79EFBC}") = "Yingfea.Server", "Yingfea.Server\Yingfea.Server.csproj", "{14C8C805-1FA4-4B69-BB82-381D32998BB2}"
EndProject
Global
	GlobalSection(SolutionConfigurationPlatforms) = preSolution
		Debug|Any CPU = Debug|Any CPU
		Release|Any CPU = Release|Any CPU
	EndGlobalSection
	GlobalSection(ProjectConfigurationPlatforms) = postSolution
		{A81B90E8-0B52-41E7-9A51-8BBF99D6A481}.Debug|Any CPU.ActiveCfg = Debug|Any CPU
		{A81B90E8-0B52-41E7-9A51-8BBF99D6A481}.Debug|Any CPU.Build.0 = Debug|Any CPU
		{A81B90E8-0B52-41E7-9A51-8BBF99D6A481}.Release|Any CPU.ActiveCfg = Release|Any CPU
		{A81B90E8-0B52-41E7-9A51-8BBF99D6A481}.Release|Any CPU.Build.0 = Release|Any CPU
		{94745AA8-B234-4E68-9B04-C20D41E4B53D}.Debug|Any CPU.ActiveCfg = Debug|Any CPU
		{94745AA8-B234-4E68-9B04-C20D41E4B53D}.Debug|Any CPU.Build.0 = Debug|Any CPU
		{94745AA8-B234-4E68-9B04-C20D41E4B53D}.Release|Any CPU.ActiveCfg = Release|Any CPU
		{94745AA8-B234-4E68-9B04-C20D41E4B53D}.Release|Any CPU.Build.0 = Release|Any CPU
		{14C8C805-1FA4-4B69-BB82-381D32998BB2}.Debug|Any CPU.ActiveCfg = Debug|Any CPU
		{14C8C805-1FA4-4B69-BB82-381D32998BB2}.Debug|Any CPU.Build.0 = Debug|Any CPU
		{14C8C805-1FA4-4B69-BB82-381D32998BB2}.Release|Any CPU.ActiveCfg = Release|Any CPU
		{14C8C805-1FA4-4B69-BB82-381D32998BB2}.Release|Any CPU.Build.0 = Release|Any CPU
	EndGlobalSection
	GlobalSection(SolutionProperties) = preSolution
		HideSolutionNode = FALSE
	EndGlobalSection
	GlobalSection(ExtensibilityGlobals) = postSolution
		SolutionGuid = {24C8F0FD-C01F-481F-8FB4-6FD83556A77E}
	EndGlobalSection
EndGlobal
